[[package]]
name = "pydes"
version = "2.0.1"
description = "Pure python implementation of DES and TRIPLE DES encryption algorithm"
category = "main"
optional = false
python-versions = "*"

[metadata]
lock-version = "1.1"
python-versions = "^3.9"
content-hash = "92822950c786eb17e76125d67fde0956167642dc089aadb300f678a23930a8ef"

[metadata.files]
pydes = [
    {file = "pyDes-2.0.1.tar.gz", hash = "sha256:e2ab8e21d2b83e90d90dbfdcb6fb8ac0000b813238b7ecaede04f8435c389012"},
]
